{
  "name": "open-abap-gui",
  "version": "1.0.0",
  "lockfileVersion": 2,
  "requires": true,
  "packages": {
    "": {
      "name": "open-abap-gui",
      "version": "1.0.0",
      "dependencies": {
        "@abaplint/cli": "^2.117.3",
        "@abaplint/database-sqlite": "^2.11.78",
        "@abaplint/runtime": "^2.12.34",
        "@abaplint/transpiler-cli": "^2.12.34"
      }
    },
    "node_modules/@abaplint/cli": {
      "version": "2.117.3",
      "resolved": "https://registry.npmjs.org/@abaplint/cli/-/cli-2.117.3.tgz",
      "integrity": "sha512-r2LTeqh+m+DdHDK9hXSGvbkD9vyv+E4Rkoh/8iUUWIxTtPeyGc8pEqs2FpGnIGA40cp8zxJDT4WKjYFs/F3G9Q==",
      "license": "MIT",
      "bin": {
        "abaplint": "abaplint"
      },
      "engines": {
        "node": ">=18.0.0"
      },
      "funding": {
        "url": "https://github.com/sponsors/larshp"
      }
    },
    "node_modules/@abaplint/database-sqlite": {
      "version": "2.11.78",
      "resolved": "https://registry.npmjs.org/@abaplint/database-sqlite/-/database-sqlite-2.11.78.tgz",
      "integrity": "sha512-1s5GhhwzcupKQhK2lZW7GKIvsz/WukgjuLk2oHmlSXWGFtapLYO9wJCtUSmSNTMNuXXaVt8ks2t2RH8SVj6hCg==",
      "license": "MIT",
      "dependencies": {
        "sql.js": "^1.11.0"
      }
    },
    "node_modules/@abaplint/runtime": {
      "version": "2.12.34",
      "resolved": "https://registry.npmjs.org/@abaplint/runtime/-/runtime-2.12.34.tgz",
      "integrity": "sha512-NAlC38n3fD1AlG+uuDkw7AhXvgMeMjJsoLKmCo5QYz3viHKqZlr8kfwsbBxWIq2Zk29MAx6zc3JGWlmOi6uSrQ==",
      "license": "MIT",
      "dependencies": {
        "temporal-polyfill": "^0.3.2"
      },
      "funding": {
        "url": "https://github.com/sponsors/larshp"
      }
    },
    "node_modules/@abaplint/transpiler-cli": {
      "version": "2.12.34",
      "resolved": "https://registry.npmjs.org/@abaplint/transpiler-cli/-/transpiler-cli-2.12.34.tgz",
      "integrity": "sha512-IhB8L/WNBep9HdoKdr6xTM/Lf++pRnAmDrstyjmDboIiTLOCiiQQfIqfLhMemXU8naztM9Wvzr4NVydxOsg4jA==",
      "license": "MIT",
      "bin": {
        "abap_transpile": "abap_transpile"
      },
      "funding": {
        "url": "https://github.com/sponsors/larshp"
      }
    },
    "node_modules/sql.js": {
      "version": "1.12.0",
      "resolved": "https://registry.npmjs.org/sql.js/-/sql.js-1.12.0.tgz",
      "integrity": "sha512-Bi+43yMx/tUFZVYD4AUscmdL6NHn3gYQ+CM+YheFWLftOmrEC/Mz6Yh7E96Y2WDHYz3COSqT+LP6Z79zgrwJlA==",
      "license": "MIT"
    },
    "node_modules/temporal-polyfill": {
      "version": "0.3.2",
      "resolved": "https://registry.npmjs.org/temporal-polyfill/-/temporal-polyfill-0.3.2.tgz",
      "integrity": "sha512-TzHthD/heRK947GNiSu3Y5gSPpeUDH34+LESnfsq8bqpFhsB79HFBX8+Z834IVX68P3EUyRPZK5bL/1fh437Eg==",
      "license": "MIT",
      "dependencies": {
        "temporal-spec": "0.3.1"
      }
    },
    "node_modules/temporal-spec": {
      "version": "0.3.1",
      "resolved": "https://registry.npmjs.org/temporal-spec/-/temporal-spec-0.3.1.tgz",
      "integrity": "sha512-B4TUhezh9knfSIMwt7RVggApDRJZo73uZdj8AacL2mZ8RP5KtLianh2MXxL06GN9ESYiIsiuoLQhgVfwe55Yhw==",
      "license": "ISC"
    }
  },
  "dependencies": {
    "@abaplint/cli": {
      "version": "2.117.3",
      "resolved": "https://registry.npmjs.org/@abaplint/cli/-/cli-2.117.3.tgz",
      "integrity": "sha512-r2LTeqh+m+DdHDK9hXSGvbkD9vyv+E4Rkoh/8iUUWIxTtPeyGc8pEqs2FpGnIGA40cp8zxJDT4WKjYFs/F3G9Q=="
    },
    "@abaplint/database-sqlite": {
      "version": "2.11.78",
      "resolved": "https://registry.npmjs.org/@abaplint/database-sqlite/-/database-sqlite-2.11.78.tgz",
      "integrity": "sha512-1s5GhhwzcupKQhK2lZW7GKIvsz/WukgjuLk2oHmlSXWGFtapLYO9wJCtUSmSNTMNuXXaVt8ks2t2RH8SVj6hCg==",
      "requires": {
        "sql.js": "^1.11.0"
      }
    },
    "@abaplint/runtime": {
      "version": "2.12.34",
      "resolved": "https://registry.npmjs.org/@abaplint/runtime/-/runtime-2.12.34.tgz",
      "integrity": "sha512-NAlC38n3fD1AlG+uuDkw7AhXvgMeMjJsoLKmCo5QYz3viHKqZlr8kfwsbBxWIq2Zk29MAx6zc3JGWlmOi6uSrQ==",
      "requires": {
        "temporal-polyfill": "^0.3.2"
      }
    },
    "@abaplint/transpiler-cli": {
      "version": "2.12.34",
      "resolved": "https://registry.npmjs.org/@abaplint/transpiler-cli/-/transpiler-cli-2.12.34.tgz",
      "integrity": "sha512-IhB8L/WNBep9HdoKdr6xTM/Lf++pRnAmDrstyjmDboIiTLOCiiQQfIqfLhMemXU8naztM9Wvzr4NVydxOsg4jA=="
    },
    "sql.js": {
      "version": "1.12.0",
      "resolved": "https://registry.npmjs.org/sql.js/-/sql.js-1.12.0.tgz",
      "integrity": "sha512-Bi+43yMx/tUFZVYD4AUscmdL6NHn3gYQ+CM+YheFWLftOmrEC/Mz6Yh7E96Y2WDHYz3COSqT+LP6Z79zgrwJlA=="
    },
    "temporal-polyfill": {
      "version": "0.3.2",
      "resolved": "https://registry.npmjs.org/temporal-polyfill/-/temporal-polyfill-0.3.2.tgz",
      "integrity": "sha512-TzHthD/heRK947GNiSu3Y5gSPpeUDH34+LESnfsq8bqpFhsB79HFBX8+Z834IVX68P3EUyRPZK5bL/1fh437Eg==",
      "requires": {
        "temporal-spec": "0.3.1"
      }
    },
    "temporal-spec": {
      "version": "0.3.1",
      "resolved": "https://registry.npmjs.org/temporal-spec/-/temporal-spec-0.3.1.tgz",
      "integrity": "sha512-B4TUhezh9knfSIMwt7RVggApDRJZo73uZdj8AacL2mZ8RP5KtLianh2MXxL06GN9ESYiIsiuoLQhgVfwe55Yhw=="
    }
  }
}
